// !$*UTF8*$!
{
	archiveVersion = 1;
	classes = {
	};
	objectVersion = 50;
	objects = {

/* Begin PBXBuildFile section */
		4CDCC7DA23CAB0FE006694A8 /* AppDelegate.swift in Sources */ = {isa = PBXBuildFile; fileRef = 4CDCC7D923CAB0FE006694A8 /* AppDelegate.swift */; };
		4CDCC7DC23CAB0FE006694A8 /* SceneDelegate.swift in Sources */ = {isa = PBXBuildFile; fileRef = 4CDCC7DB23CAB0FE006694A8 /* SceneDelegate.swift */; };
		4CDCC7DE23CAB0FE006694A8 /* ViewController.swift in Sources */ = {isa = PBXBuildFile; fileRef = 4CDCC7DD23CAB0FE006694A8 /* ViewController.swift */; };
		4CDCC7E123CAB0FE006694A8 /* Main.storyboard in Resources */ = {isa = PBXBuildFile; fileRef = 4CDCC7DF23CAB0FE006694A8 /* Main.storyboard */; };
		4CDCC7E323CAB102006694A8 /* Assets.xcassets in Resources */ = {isa = PBXBuildFile; fileRef = 4CDCC7E223CAB102006694A8 /* Assets.xcassets */; };
		4CDCC7E623CAB102006694A8 /* LaunchScreen.storyboard in Resources */ = {isa = PBXBuildFile; fileRef = 4CDCC7E423CAB102006694A8 /* LaunchScreen.storyboard */; };
		4CDCC7F123CAB102006694A8 /* SampleQuiz1Tests.swift in Sources */ = {isa = PBXBuildFile; fileRef = 4CDCC7F023CAB102006694A8 /* SampleQuiz1Tests.swift */; };
		4CDCC7FC23CAB102006694A8 /* SampleQuiz1UITests.swift in Sources */ = {isa = PBXBuildFile; fileRef = 4CDCC7FB23CAB102006694A8 /* SampleQuiz1UITests.swift */; };
		4CDCC80A23CAB1EB006694A8 /* SampleQuiz1.swift in Sources */ = {isa = PBXBuildFile; fileRef = 4CDCC80923CAB1EB006694A8 /* SampleQuiz1.swift */; };
		4CDCC80B23CAB1EB006694A8 /* SampleQuiz1.swift in Sources */ = {isa = PBXBuildFile; fileRef = 4CDCC80923CAB1EB006694A8 /* SampleQuiz1.swift */; };
		4CDCC80C23CAB1EB006694A8 /* SampleQuiz1.swift in Sources */ = {isa = PBXBuildFile; fileRef = 4CDCC80923CAB1EB006694A8 /* SampleQuiz1.swift */; };
/* End PBXBuildFile section */

/* Begin PBXContainerItemProxy section */
		4CDCC7ED23CAB102006694A8 /* PBXContainerItemProxy */ = {
			isa = PBXContainerItemProxy;
			containerPortal = 4CDCC7CE23CAB0FE006694A8 /* Project object */;
			proxyType = 1;
			remoteGlobalIDString = 4CDCC7D523CAB0FE006694A8;
			remoteInfo = SampleQuiz1;
		};
		4CDCC7F823CAB102006694A8 /* PBXContainerItemProxy */ = {
			isa = PBXContainerItemProxy;
			containerPortal = 4CDCC7CE23CAB0FE006694A8 /* Project object */;
			proxyType = 1;
			remoteGlobalIDString = 4CDCC7D523CAB0FE006694A8;
			remoteInfo = SampleQuiz1;
		};
/* End PBXContainerItemProxy section */

/* Begin PBXFileReference section */
		4CDCC7D623CAB0FE006694A8 /* SampleQuiz1.app */ = {isa = PBXFileReference; explicitFileType = wrapper.application; includeInIndex = 0; path = SampleQuiz1.app; sourceTree = BUILT_PRODUCTS_DIR; };
		4CDCC7D923CAB0FE006694A8 /* AppDelegate.swift */ = {isa = PBXFileReference; lastKnownFileType = sourcecode.swift; path = AppDelegate.swift; sourceTree = "<group>"; };
		4CDCC7DB23CAB0FE006694A8 /* SceneDelegate.swift */ = {isa = PBXFileReference; lastKnownFileType = sourcecode.swift; path = SceneDelegate.swift; sourceTree = "<group>"; };
		4CDCC7DD23CAB0FE006694A8 /* ViewController.swift */ = {isa = PBXFileReference; lastKnownFileType = sourcecode.swift; path = ViewController.swift; sourceTree = "<group>"; };
		4CDCC7E023CAB0FE006694A8 /* Base */ = {isa = PBXFileReference; lastKnownFileType = file.storyboard; name = Base; path = Base.lproj/Main.storyboard; sourceTree = "<group>"; };
		4CDCC7E223CAB102006694A8 /* Assets.xcassets */ = {isa = PBXFileReference; lastKnownFileType = folder.assetcatalog; path = Assets.xcassets; sourceTree = "<group>"; };
		4CDCC7E523CAB102006694A8 /* Base */ = {isa = PBXFileReference; lastKnownFileType = file.storyboard; name = Base; path = Base.lproj/LaunchScreen.storyboard; sourceTree = "<group>"; };
		4CDCC7E723CAB102006694A8 /* Info.plist */ = {isa = PBXFileReference; lastKnownFileType = text.plist.xml; path = Info.plist; sourceTree = "<group>"; };
		4CDCC7EC23CAB102006694A8 /* SampleQuiz1Tests.xctest */ = {isa = PBXFileReference; explicitFileType = wrapper.cfbundle; includeInIndex = 0; path = SampleQuiz1Tests.xctest; sourceTree = BUILT_PRODUCTS_DIR; };
		4CDCC7F023CAB102006694A8 /* SampleQuiz1Tests.swift */ = {isa = PBXFileReference; lastKnownFileType = sourcecode.swift; path = SampleQuiz1Tests.swift; sourceTree = "<group>"; };
		4CDCC7F223CAB102006694A8 /* Info.plist */ = {isa = PBXFileReference; lastKnownFileType = text.plist.xml; path = Info.plist; sourceTree = "<group>"; };
		4CDCC7F723CAB102006694A8 /* SampleQuiz1UITests.xctest */ = {isa = PBXFileReference; explicitFileType = wrapper.cfbundle; includeInIndex = 0; path = SampleQuiz1UITests.xctest; sourceTree = BUILT_PRODUCTS_DIR; };
		4CDCC7FB23CAB102006694A8 /* SampleQuiz1UITests.swift */ = {isa = PBXFileReference; lastKnownFileType = sourcecode.swift; path = SampleQuiz1UITests.swift; sourceTree = "<group>"; };
		4CDCC7FD23CAB102006694A8 /* Info.plist */ = {isa = PBXFileReference; lastKnownFileType = text.plist.xml; path = Info.plist; sourceTree = "<group>"; };
		4CDCC80923CAB1EB006694A8 /* SampleQuiz1.swift */ = {isa = PBXFileReference; lastKnownFileType = sourcecode.swift; path = SampleQuiz1.swift; sourceTree = "<group>"; };
/* End PBXFileReference section */

/* Begin PBXFrameworksBuildPhase section */
		4CDCC7D323CAB0FE006694A8 /* Frameworks */ = {
			isa = PBXFrameworksBuildPhase;
			buildActionMask = 2147483647;
			files = (
			);
			runOnlyForDeploymentPostprocessing = 0;
		};
		4CDCC7E923CAB102006694A8 /* Frameworks */ = {
			isa = PBXFrameworksBuildPhase;
			buildActionMask = 2147483647;
			files = (
			);
			runOnlyForDeploymentPostprocessing = 0;
		};
		4CDCC7F423CAB102006694A8 /* Frameworks */ = {
			isa = PBXFrameworksBuildPhase;
			buildActionMask = 2147483647;
			files = (
			);
			runOnlyForDeploymentPostprocessing = 0;
		};
/* End PBXFrameworksBuildPhase section */

/* Begin PBXGroup section */
		4CDCC7CD23CAB0FE006694A8 = {
			isa = PBXGroup;
			children = (
				4CDCC7D823CAB0FE006694A8 /* SampleQuiz1 */,
				4CDCC7EF23CAB102006694A8 /* SampleQuiz1Tests */,
				4CDCC7FA23CAB102006694A8 /* SampleQuiz1UITests */,
				4CDCC7D723CAB0FE006694A8 /* Products */,
			);
			sourceTree = "<group>";
		};
		4CDCC7D723CAB0FE006694A8 /* Products */ = {
			isa = PBXGroup;
			children = (
				4CDCC7D623CAB0FE006694A8 /* SampleQuiz1.app */,
				4CDCC7EC23CAB102006694A8 /* SampleQuiz1Tests.xctest */,
				4CDCC7F723CAB102006694A8 /* SampleQuiz1UITests.xctest */,
			);
			name = Products;
			sourceTree = "<group>";
		};
		4CDCC7D823CAB0FE006694A8 /* SampleQuiz1 */ = {
			isa = PBXGroup;
			children = (
				4CDCC7D923CAB0FE006694A8 /* AppDelegate.swift */,
				4CDCC7DB23CAB0FE006694A8 /* SceneDelegate.swift */,
				4CDCC7DD23CAB0FE006694A8 /* ViewController.swift */,
				4CDCC7DF23CAB0FE006694A8 /* Main.storyboard */,
				4CDCC7E223CAB102006694A8 /* Assets.xcassets */,
				4CDCC7E423CAB102006694A8 /* LaunchScreen.storyboard */,
				4CDCC7E723CAB102006694A8 /* Info.plist */,
				4CDCC80923CAB1EB006694A8 /* SampleQuiz1.swift */,
			);
			path = SampleQuiz1;
			sourceTree = "<group>";
		};
		4CDCC7EF23CAB102006694A8 /* SampleQuiz1Tests */ = {
			isa = PBXGroup;
			children = (
				4CDCC7F023CAB102006694A8 /* SampleQuiz1Tests.swift */,
				4CDCC7F223CAB102006694A8 /* Info.plist */,
			);
			path = SampleQuiz1Tests;
			sourceTree = "<group>";
		};
		4CDCC7FA23CAB102006694A8 /* SampleQuiz1UITests */ = {
			isa = PBXGroup;
			children = (
				4CDCC7FB23CAB102006694A8 /* SampleQuiz1UITests.swift */,
				4CDCC7FD23CAB102006694A8 /* Info.plist */,
			);
			path = SampleQuiz1UITests;
			sourceTree = "<group>";
		};
/* End PBXGroup section */

/* Begin PBXNativeTarget section */
		4CDCC7D523CAB0FE006694A8 /* SampleQuiz1 */ = {
			isa = PBXNativeTarget;
			buildConfigurationList = 4CDCC80023CAB102006694A8 /* Build configuration list for PBXNativeTarget "SampleQuiz1" */;
			buildPhases = (
				4CDCC7D223CAB0FE006694A8 /* Sources */,
				4CDCC7D323CAB0FE006694A8 /* Frameworks */,
				4CDCC7D423CAB0FE006694A8 /* Resources */,
			);
			buildRules = (
			);
			dependencies = (
			);
			name = SampleQuiz1;
			productName = SampleQuiz1;
			productReference = 4CDCC7D623CAB0FE006694A8 /* SampleQuiz1.app */;
			productType = "com.apple.product-type.application";
		};
		4CDCC7EB23CAB102006694A8 /* SampleQuiz1Tests */ = {
			isa = PBXNativeTarget;
			buildConfigurationList = 4CDCC80323CAB102006694A8 /* Build configuration list for PBXNativeTarget "SampleQuiz1Tests" */;
			buildPhases = (
				4CDCC7E823CAB102006694A8 /* Sources */,
				4CDCC7E923CAB102006694A8 /* Frameworks */,
				4CDCC7EA23CAB102006694A8 /* Resources */,
			);
			buildRules = (
			);
			dependencies = (
				4CDCC7EE23CAB102006694A8 /* PBXTargetDependency */,
			);
			name = SampleQuiz1Tests;
			productName = SampleQuiz1Tests;
			productReference = 4CDCC7EC23CAB102006694A8 /* SampleQuiz1Tests.xctest */;
			productType = "com.apple.product-type.bundle.unit-test";
		};
		4CDCC7F623CAB102006694A8 /* SampleQuiz1UITests */ = {
			isa = PBXNativeTarget;
			buildConfigurationList = 4CDCC80623CAB102006694A8 /* Build configuration list for PBXNativeTarget "SampleQuiz1UITests" */;
			buildPhases = (
				4CDCC7F323CAB102006694A8 /* Sources */,
				4CDCC7F423CAB102006694A8 /* Frameworks */,
				4CDCC7F523CAB102006694A8 /* Resources */,
			);
			buildRules = (
			);
			dependencies = (
				4CDCC7F923CAB102006694A8 /* PBXTargetDependency */,
			);
			name = SampleQuiz1UITests;
			productName = SampleQuiz1UITests;
			productReference = 4CDCC7F723CAB102006694A8 /* SampleQuiz1UITests.xctest */;
			productType = "com.apple.product-type.bundle.ui-testing";
		};
/* End PBXNativeTarget section */

/* Begin PBXProject section */
		4CDCC7CE23CAB0FE006694A8 /* Project object */ = {
			isa = PBXProject;
			attributes = {
				LastSwiftUpdateCheck = 1130;
				LastUpgradeCheck = 1130;
				ORGANIZATIONNAME = "Michael Horie";
				TargetAttributes = {
					4CDCC7D523CAB0FE006694A8 = {
						CreatedOnToolsVersion = 11.3;
					};
					4CDCC7EB23CAB102006694A8 = {
						CreatedOnToolsVersion = 11.3;
						TestTargetID = 4CDCC7D523CAB0FE006694A8;
					};
					4CDCC7F623CAB102006694A8 = {
						CreatedOnToolsVersion = 11.3;
						TestTargetID = 4CDCC7D523CAB0FE006694A8;
					};
				};
			};
			buildConfigurationList = 4CDCC7D123CAB0FE006694A8 /* Build configuration list for PBXProject "SampleQuiz1" */;
			compatibilityVersion = "Xcode 9.3";
			developmentRegion = en;
			hasScannedForEncodings = 0;
			knownRegions = (
				en,
				Base,
			);
			mainGroup = 4CDCC7CD23CAB0FE006694A8;
			productRefGroup = 4CDCC7D723CAB0FE006694A8 /* Products */;
			projectDirPath = "";
			projectRoot = "";
			targets = (
				4CDCC7D523CAB0FE006694A8 /* SampleQuiz1 */,
				4CDCC7EB23CAB102006694A8 /* SampleQuiz1Tests */,
				4CDCC7F623CAB102006694A8 /* SampleQuiz1UITests */,
			);
		};
/* End PBXProject section */

/* Begin PBXResourcesBuildPhase section */
		4CDCC7D423CAB0FE006694A8 /* Resources */ = {
			isa = PBXResourcesBuildPhase;
			buildActionMask = 2147483647;
			files = (
				4CDCC7E623CAB102006694A8 /* LaunchScreen.storyboard in Resources */,
				4CDCC7E323CAB102006694A8 /* Assets.xcassets in Resources */,
				4CDCC7E123CAB0FE006694A8 /* Main.storyboard in Resources */,
			);
			runOnlyForDeploymentPostprocessing = 0;
		};
		4CDCC7EA23CAB102006694A8 /* Resources */ = {
			isa = PBXResourcesBuildPhase;
			buildActionMask = 2147483647;
			files = (
			);
			runOnlyForDeploymentPostprocessing = 0;
		};
		4CDCC7F523CAB102006694A8 /* Resources */ = {
			isa = PBXResourcesBuildPhase;
			buildActionMask = 2147483647;
			files = (
			);
			runOnlyForDeploymentPostprocessing = 0;
		};
/* End PBXResourcesBuildPhase section */

/* Begin PBXSourcesBuildPhase section */
		4CDCC7D223CAB0FE006694A8 /* Sources */ = {
			isa = PBXSourcesBuildPhase;
			buildActionMask = 2147483647;
			files = (
				4CDCC80A23CAB1EB006694A8 /* SampleQuiz1.swift in Sources */,
				4CDCC7DE23CAB0FE006694A8 /* ViewController.swift in Sources */,
				4CDCC7DA23CAB0FE006694A8 /* AppDelegate.swift in Sources */,
				4CDCC7DC23CAB0FE006694A8 /* SceneDelegate.swift in Sources */,
			);
			runOnlyForDeploymentPostprocessing = 0;
		};
		4CDCC7E823CAB102006694A8 /* Sources */ = {
			isa = PBXSourcesBuildPhase;
			buildActionMask = 2147483647;
			files = (
				4CDCC80B23CAB1EB006694A8 /* SampleQuiz1.swift in Sources */,
				4CDCC7F123CAB102006694A8 /* SampleQuiz1Tests.swift in Sources */,
			);
			runOnlyForDeploymentPostprocessing = 0;
		};
		4CDCC7F323CAB102006694A8 /* Sources */ = {
			isa = PBXSourcesBuildPhase;
			buildActionMask = 2147483647;
			files = (
				4CDCC80C23CAB1EB006694A8 /* SampleQuiz1.swift in Sources */,
				4CDCC7FC23CAB102006694A8 /* SampleQuiz1UITests.swift in Sources */,
			);
			runOnlyForDeploymentPostprocessing = 0;
		};
/* End PBXSourcesBuildPhase section */

/* Begin PBXTargetDependency section */
		4CDCC7EE23CAB102006694A8 /* PBXTargetDependency */ = {
			isa = PBXTargetDependency;
			target = 4CDCC7D523CAB0FE006694A8 /* SampleQuiz1 */;
			targetProxy = 4CDCC7ED23CAB102006694A8 /* PBXContainerItemProxy */;
		};
		4CDCC7F923CAB102006694A8 /* PBXTargetDependency */ = {
			isa = PBXTargetDependency;
			target = 4CDCC7D523CAB0FE006694A8 /* SampleQuiz1 */;
			targetProxy = 4CDCC7F823CAB102006694A8 /* PBXContainerItemProxy */;
		};
/* End PBXTargetDependency section */

/* Begin PBXVariantGroup section */
		4CDCC7DF23CAB0FE006694A8 /* Main.storyboard */ = {
			isa = PBXVariantGroup;
			children = (
				4CDCC7E023CAB0FE006694A8 /* Base */,
			);
			name = Main.storyboard;
			sourceTree = "<group>";
		};
		4CDCC7E423CAB102006694A8 /* LaunchScreen.storyboard */ = {
			isa = PBXVariantGroup;
			children = (
				4CDCC7E523CAB102006694A8 /* Base */,
			);
			name = LaunchScreen.storyboard;
			sourceTree = "<group>";
		};
/* End PBXVariantGroup section */

/* Begin XCBuildConfiguration section */
		4CDCC7FE23CAB102006694A8 /* Debug */ = {
			isa = XCBuildConfiguration;
			buildSettings = {
				ALWAYS_SEARCH_USER_PATHS = NO;
				CLANG_ANALYZER_NONNULL = YES;
				CLANG_ANALYZER_NUMBER_OBJECT_CONVERSION = YES_AGGRESSIVE;
				CLANG_CXX_LANGUAGE_STANDARD = "gnu++14";
				CLANG_CXX_LIBRARY = "libc++";
				CLANG_ENABLE_MODULES = YES;
				CLANG_ENABLE_OBJC_ARC = YES;
				CLANG_ENABLE_OBJC_WEAK = YES;
				CLANG_WARN_BLOCK_CAPTURE_AUTORELEASING = YES;
				CLANG_WARN_BOOL_CONVERSION = YES;
				CLANG_WARN_COMMA = YES;
				CLANG_WARN_CONSTANT_CONVERSION = YES;
				CLANG_WARN_DEPRECATED_OBJC_IMPLEMENTATIONS = YES;
				CLANG_WARN_DIRECT_OBJC_ISA_USAGE = YES_ERROR;
				CLANG_WARN_DOCUMENTATION_COMMENTS = YES;
				CLANG_WARN_EMPTY_BODY = YES;
				CLANG_WARN_ENUM_CONVERSION = YES;
				CLANG_WARN_INFINITE_RECURSION = YES;
				CLANG_WARN_INT_CONVERSION = YES;
				CLANG_WARN_NON_LITERAL_NULL_CONVERSION = YES;
				CLANG_WARN_OBJC_IMPLICIT_RETAIN_SELF = YES;
				CLANG_WARN_OBJC_LITERAL_CONVERSION = YES;
				CLANG_WARN_OBJC_ROOT_CLASS = YES_ERROR;
				CLANG_WARN_RANGE_LOOP_ANALYSIS = YES;
				CLANG_WARN_STRICT_PROTOTYPES = YES;
				CLANG_WARN_SUSPICIOUS_MOVE = YES;
				CLANG_WARN_UNGUARDED_AVAILABILITY = YES_AGGRESSIVE;
				CLANG_WARN_UNREACHABLE_CODE = YES;
				CLANG_WARN__DUPLICATE_METHOD_MATCH = YES;
				COPY_PHASE_STRIP = NO;
				DEBUG_INFORMATION_FORMAT = dwarf;
				ENABLE_STRICT_OBJC_MSGSEND = YES;
				ENABLE_TESTABILITY = YES;
				GCC_C_LANGUAGE_STANDARD = gnu11;
				GCC_DYNAMIC_NO_PIC = NO;
				GCC_NO_COMMON_BLOCKS = YES;
				GCC_OPTIMIZATION_LEVEL = 0;
				GCC_PREPROCESSOR_DEFINITIONS = (
					"DEBUG=1",
					"$(inherited)",
				);
				GCC_WARN_64_TO_32_BIT_CONVERSION = YES;
				GCC_WARN_ABOUT_RETURN_TYPE = YES_ERROR;
				GCC_WARN_UNDECLARED_SELECTOR = YES;
				GCC_WARN_UNINITIALIZED_AUTOS = YES_AGGRESSIVE;
				GCC_WARN_UNUSED_FUNCTION = YES;
				GCC_WARN_UNUSED_VARIABLE = YES;
				IPHONEOS_DEPLOYMENT_TARGET = 13.2;
				MTL_ENABLE_DEBUG_INFO = INCLUDE_SOURCE;
				MTL_FAST_MATH = YES;
				ONLY_ACTIVE_ARCH = YES;
				SDKROOT = iphoneos;
				SWIFT_ACTIVE_COMPILATION_CONDITIONS = DEBUG;
				SWIFT_OPTIMIZATION_LEVEL = "-Onone";
			};
			name = Debug;
		};
		4CDCC7FF23CAB102006694A8 /* Release */ = {
			isa = XCBuildConfiguration;
			buildSettings = {
				ALWAYS_SEARCH_USER_PATHS = NO;
				CLANG_ANALYZER_NONNULL = YES;
				CLANG_ANALYZER_NUMBER_OBJECT_CONVERSION = YES_AGGRESSIVE;
				CLANG_CXX_LANGUAGE_STANDARD = "gnu++14";
				CLANG_CXX_LIBRARY = "libc++";
				CLANG_ENABLE_MODULES = YES;
				CLANG_ENABLE_OBJC_ARC = YES;
				CLANG_ENABLE_OBJC_WEAK = YES;
				CLANG_WARN_BLOCK_CAPTURE_AUTORELEASING = YES;
				CLANG_WARN_BOOL_CONVERSION = YES;
				CLANG_WARN_COMMA = YES;
				CLANG_WARN_CONSTANT_CONVERSION = YES;
				CLANG_WARN_DEPRECATED_OBJC_IMPLEMENTATIONS = YES;
				CLANG_WARN_DIRECT_OBJC_ISA_USAGE = YES_ERROR;
				CLANG_WARN_DOCUMENTATION_COMMENTS = YES;
				CLANG_WARN_EMPTY_BODY = YES;
				CLANG_WARN_ENUM_CONVERSION = YES;
				CLANG_WARN_INFINITE_RECURSION = YES;
				CLANG_WARN_INT_CONVERSION = YES;
				CLANG_WARN_NON_LITERAL_NULL_CONVERSION = YES;
				CLANG_WARN_OBJC_IMPLICIT_RETAIN_SELF = YES;
				CLANG_WARN_OBJC_LITERAL_CONVERSION = YES;
				CLANG_WARN_OBJC_ROOT_CLASS = YES_ERROR;
				CLANG_WARN_RANGE_LOOP_ANALYSIS = YES;
				CLANG_WARN_STRICT_PROTOTYPES = YES;
				CLANG_WARN_SUSPICIOUS_MOVE = YES;
				CLANG_WARN_UNGUARDED_AVAILABILITY = YES_AGGRESSIVE;
				CLANG_WARN_UNREACHABLE_CODE = YES;
				CLANG_WARN__DUPLICATE_METHOD_MATCH = YES;
				COPY_PHASE_STRIP = NO;
				DEBUG_INFORMATION_FORMAT = "dwarf-with-dsym";
				ENABLE_NS_ASSERTIONS = NO;
				ENABLE_STRICT_OBJC_MSGSEND = YES;
				GCC_C_LANGUAGE_STANDARD = gnu11;
				GCC_NO_COMMON_BLOCKS = YES;
				GCC_WARN_64_TO_32_BIT_CONVERSION = YES;
				GCC_WARN_ABOUT_RETURN_TYPE = YES_ERROR;
				GCC_WARN_UNDECLARED_SELECTOR = YES;
				GCC_WARN_UNINITIALIZED_AUTOS = YES_AGGRESSIVE;
				GCC_WARN_UNUSED_FUNCTION = YES;
				GCC_WARN_UNUSED_VARIABLE = YES;
				IPHONEOS_DEPLOYMENT_TARGET = 13.2;
				MTL_ENABLE_DEBUG_INFO = NO;
				MTL_FAST_MATH = YES;
				SDKROOT = iphoneos;
				SWIFT_COMPILATION_MODE = wholemodule;
				SWIFT_OPTIMIZATION_LEVEL = "-O";
				VALIDATE_PRODUCT = YES;
			};
			name = Release;
		};
		4CDCC80123CAB102006694A8 /* Debug */ = {
			isa = XCBuildConfiguration;
			buildSettings = {
				ASSETCATALOG_COMPILER_APPICON_NAME = AppIcon;
				CODE_SIGN_STYLE = Automatic;
				INFOPLIST_FILE = SampleQuiz1/Info.plist;
				LD_RUNPATH_SEARCH_PATHS = (
					"$(inherited)",
					"@executable_path/Frameworks",
				);
				PRODUCT_BUNDLE_IDENTIFIER = ca.camosun.SampleQuiz1;
				PRODUCT_NAME = "$(TARGET_NAME)";
				SWIFT_VERSION = 5.0;
				TARGETED_DEVICE_FAMILY = "1,2";
			};
			name = Debug;
		};
		4CDCC80223CAB102006694A8 /* Release */ = {
			isa = XCBuildConfiguration;
			buildSettings = {
				ASSETCATALOG_COMPILER_APPICON_NAME = AppIcon;
				CODE_SIGN_STYLE = Automatic;
				INFOPLIST_FILE = SampleQuiz1/Info.plist;
				LD_RUNPATH_SEARCH_PATHS = (
					"$(inherited)",
					"@executable_path/Frameworks",
				);
				PRODUCT_BUNDLE_IDENTIFIER = ca.camosun.SampleQuiz1;
				PRODUCT_NAME = "$(TARGET_NAME)";
				SWIFT_VERSION = 5.0;
				TARGETED_DEVICE_FAMILY = "1,2";
			};
			name = Release;
		};
		4CDCC80423CAB102006694A8 /* Debug */ = {
			isa = XCBuildConfiguration;
			buildSettings = {
				ALWAYS_EMBED_SWIFT_STANDARD_LIBRARIES = YES;
				BUNDLE_LOADER = "$(TEST_HOST)";
				CODE_SIGN_STYLE = Automatic;
				INFOPLIST_FILE = SampleQuiz1Tests/Info.plist;
				IPHONEOS_DEPLOYMENT_TARGET = 13.2;
				LD_RUNPATH_SEARCH_PATHS = (
					"$(inherited)",
					"@executable_path/Frameworks",
					"@loader_path/Frameworks",
				);
				PRODUCT_BUNDLE_IDENTIFIER = ca.camosun.SampleQuiz1Tests;
				PRODUCT_NAME = "$(TARGET_NAME)";
				SWIFT_VERSION = 5.0;
				TARGETED_DEVICE_FAMILY = "1,2";
				TEST_HOST = "$(BUILT_PRODUCTS_DIR)/SampleQuiz1.app/SampleQuiz1";
			};
			name = Debug;
		};
		4CDCC80523CAB102006694A8 /* Release */ = {
			isa = XCBuildConfiguration;
			buildSettings = {
				ALWAYS_EMBED_SWIFT_STANDARD_LIBRARIES = YES;
				BUNDLE_LOADER = "$(TEST_HOST)";
				CODE_SIGN_STYLE = Automatic;
				INFOPLIST_FILE = SampleQuiz1Tests/Info.plist;
				IPHONEOS_DEPLOYMENT_TARGET = 13.2;
				LD_RUNPATH_SEARCH_PATHS = (
					"$(inherited)",
					"@executable_path/Frameworks",
					"@loader_path/Frameworks",
				);
				PRODUCT_BUNDLE_IDENTIFIER = ca.camosun.SampleQuiz1Tests;
				PRODUCT_NAME = "$(TARGET_NAME)";
				SWIFT_VERSION = 5.0;
				TARGETED_DEVICE_FAMILY = "1,2";
				TEST_HOST = "$(BUILT_PRODUCTS_DIR)/SampleQuiz1.app/SampleQuiz1";
			};
			name = Release;
		};
		4CDCC80723CAB102006694A8 /* Debug */ = {
			isa = XCBuildConfiguration;
			buildSettings = {
				ALWAYS_EMBED_SWIFT_STANDARD_LIBRARIES = YES;
				CODE_SIGN_STYLE = Automatic;
				INFOPLIST_FILE = SampleQuiz1UITests/Info.plist;
				LD_RUNPATH_SEARCH_PATHS = (
					"$(inherited)",
					"@executable_path/Frameworks",
					"@loader_path/Frameworks",
				);
				PRODUCT_BUNDLE_IDENTIFIER = ca.camosun.SampleQuiz1UITests;
				PRODUCT_NAME = "$(TARGET_NAME)";
				SWIFT_VERSION = 5.0;
				TARGETED_DEVICE_FAMILY = "1,2";
				TEST_TARGET_NAME = SampleQuiz1;
			};
			name = Debug;
		};
		4CDCC80823CAB102006694A8 /* Release */ = {
			isa = XCBuildConfiguration;
			buildSettings = {
				ALWAYS_EMBED_SWIFT_STANDARD_LIBRARIES = YES;
				CODE_SIGN_STYLE = Automatic;
				INFOPLIST_FILE = SampleQuiz1UITests/Info.plist;
				LD_RUNPATH_SEARCH_PATHS = (
					"$(inherited)",
					"@executable_path/Frameworks",
					"@loader_path/Frameworks",
				);
				PRODUCT_BUNDLE_IDENTIFIER = ca.camosun.SampleQuiz1UITests;
				PRODUCT_NAME = "$(TARGET_NAME)";
				SWIFT_VERSION = 5.0;
				TARGETED_DEVICE_FAMILY = "1,2";
				TEST_TARGET_NAME = SampleQuiz1;
			};
			name = Release;
		};
/* End XCBuildConfiguration section */

/* Begin XCConfigurationList section */
		4CDCC7D123CAB0FE006694A8 /* Build configuration list for PBXProject "SampleQuiz1" */ = {
			isa = XCConfigurationList;
			buildConfigurations = (
				4CDCC7FE23CAB102006694A8 /* Debug */,
				4CDCC7FF23CAB102006694A8 /* Release */,
			);
			defaultConfigurationIsVisible = 0;
			defaultConfigurationName = Release;
		};
		4CDCC80023CAB102006694A8 /* Build configuration list for PBXNativeTarget "SampleQuiz1" */ = {
			isa = XCConfigurationList;
			buildConfigurations = (
				4CDCC80123CAB102006694A8 /* Debug */,
				4CDCC80223CAB102006694A8 /* Release */,
			);
			defaultConfigurationIsVisible = 0;
			defaultConfigurationName = Release;
		};
		4CDCC80323CAB102006694A8 /* Build configuration list for PBXNativeTarget "SampleQuiz1Tests" */ = {
			isa = XCConfigurationList;
			buildConfigurations = (
				4CDCC80423CAB102006694A8 /* Debug */,
				4CDCC80523CAB102006694A8 /* Release */,
			);
			defaultConfigurationIsVisible = 0;
			defaultConfigurationName = Release;
		};
		4CDCC80623CAB102006694A8 /* Build configuration list for PBXNativeTarget "SampleQuiz1UITests" */ = {
			isa = XCConfigurationList;
			buildConfigurations = (
				4CDCC80723CAB102006694A8 /* Debug */,
				4CDCC80823CAB102006694A8 /* Release */,
			);
			defaultConfigurationIsVisible = 0;
			defaultConfigurationName = Release;
		};
/* End XCConfigurationList section */
	};
	rootObject = 4CDCC7CE23CAB0FE006694A8 /* Project object */;
}
