// !$*UTF8*$!
{
	archiveVersion = 1;
	classes = {
	};
	objectVersion = 50;
	objects = {

/* Begin PBXBuildFile section */
		5F86076823CE3CEF00243D09 /* AppDelegate.swift in Sources */ = {isa = PBXBuildFile; fileRef = 5F86076723CE3CEF00243D09 /* AppDelegate.swift */; };
		5F86076A23CE3CEF00243D09 /* SceneDelegate.swift in Sources */ = {isa = PBXBuildFile; fileRef = 5F86076923CE3CEF00243D09 /* SceneDelegate.swift */; };
		5F86076C23CE3CEF00243D09 /* ViewController.swift in Sources */ = {isa = PBXBuildFile; fileRef = 5F86076B23CE3CEF00243D09 /* ViewController.swift */; };
		5F86076F23CE3CEF00243D09 /* Main.storyboard in Resources */ = {isa = PBXBuildFile; fileRef = 5F86076D23CE3CEF00243D09 /* Main.storyboard */; };
		5F86077123CE3CF100243D09 /* Assets.xcassets in Resources */ = {isa = PBXBuildFile; fileRef = 5F86077023CE3CF100243D09 /* Assets.xcassets */; };
		5F86077423CE3CF100243D09 /* LaunchScreen.storyboard in Resources */ = {isa = PBXBuildFile; fileRef = 5F86077223CE3CF100243D09 /* LaunchScreen.storyboard */; };
		5F86077F23CE3CF100243D09 /* QuizTests.swift in Sources */ = {isa = PBXBuildFile; fileRef = 5F86077E23CE3CF100243D09 /* QuizTests.swift */; };
		5F86078A23CE3CF100243D09 /* QuizUITests.swift in Sources */ = {isa = PBXBuildFile; fileRef = 5F86078923CE3CF100243D09 /* QuizUITests.swift */; };
		5F86079823CE3D7F00243D09 /* Quiz.swift in Sources */ = {isa = PBXBuildFile; fileRef = 5F86079723CE3D7F00243D09 /* Quiz.swift */; };
		5F86079923CE3D7F00243D09 /* Quiz.swift in Sources */ = {isa = PBXBuildFile; fileRef = 5F86079723CE3D7F00243D09 /* Quiz.swift */; };
		5F86079A23CE3D7F00243D09 /* Quiz.swift in Sources */ = {isa = PBXBuildFile; fileRef = 5F86079723CE3D7F00243D09 /* Quiz.swift */; };
/* End PBXBuildFile section */

/* Begin PBXContainerItemProxy section */
		5F86077B23CE3CF100243D09 /* PBXContainerItemProxy */ = {
			isa = PBXContainerItemProxy;
			containerPortal = 5F86075C23CE3CEF00243D09 /* Project object */;
			proxyType = 1;
			remoteGlobalIDString = 5F86076323CE3CEF00243D09;
			remoteInfo = Quiz;
		};
		5F86078623CE3CF100243D09 /* PBXContainerItemProxy */ = {
			isa = PBXContainerItemProxy;
			containerPortal = 5F86075C23CE3CEF00243D09 /* Project object */;
			proxyType = 1;
			remoteGlobalIDString = 5F86076323CE3CEF00243D09;
			remoteInfo = Quiz;
		};
/* End PBXContainerItemProxy section */

/* Begin PBXFileReference section */
		5F86076423CE3CEF00243D09 /* Quiz.app */ = {isa = PBXFileReference; explicitFileType = wrapper.application; includeInIndex = 0; path = Quiz.app; sourceTree = BUILT_PRODUCTS_DIR; };
		5F86076723CE3CEF00243D09 /* AppDelegate.swift */ = {isa = PBXFileReference; lastKnownFileType = sourcecode.swift; path = AppDelegate.swift; sourceTree = "<group>"; };
		5F86076923CE3CEF00243D09 /* SceneDelegate.swift */ = {isa = PBXFileReference; lastKnownFileType = sourcecode.swift; path = SceneDelegate.swift; sourceTree = "<group>"; };
		5F86076B23CE3CEF00243D09 /* ViewController.swift */ = {isa = PBXFileReference; lastKnownFileType = sourcecode.swift; path = ViewController.swift; sourceTree = "<group>"; };
		5F86076E23CE3CEF00243D09 /* Base */ = {isa = PBXFileReference; lastKnownFileType = file.storyboard; name = Base; path = Base.lproj/Main.storyboard; sourceTree = "<group>"; };
		5F86077023CE3CF100243D09 /* Assets.xcassets */ = {isa = PBXFileReference; lastKnownFileType = folder.assetcatalog; path = Assets.xcassets; sourceTree = "<group>"; };
		5F86077323CE3CF100243D09 /* Base */ = {isa = PBXFileReference; lastKnownFileType = file.storyboard; name = Base; path = Base.lproj/LaunchScreen.storyboard; sourceTree = "<group>"; };
		5F86077523CE3CF100243D09 /* Info.plist */ = {isa = PBXFileReference; lastKnownFileType = text.plist.xml; path = Info.plist; sourceTree = "<group>"; };
		5F86077A23CE3CF100243D09 /* QuizTests.xctest */ = {isa = PBXFileReference; explicitFileType = wrapper.cfbundle; includeInIndex = 0; path = QuizTests.xctest; sourceTree = BUILT_PRODUCTS_DIR; };
		5F86077E23CE3CF100243D09 /* QuizTests.swift */ = {isa = PBXFileReference; lastKnownFileType = sourcecode.swift; path = QuizTests.swift; sourceTree = "<group>"; };
		5F86078023CE3CF100243D09 /* Info.plist */ = {isa = PBXFileReference; lastKnownFileType = text.plist.xml; path = Info.plist; sourceTree = "<group>"; };
		5F86078523CE3CF100243D09 /* QuizUITests.xctest */ = {isa = PBXFileReference; explicitFileType = wrapper.cfbundle; includeInIndex = 0; path = QuizUITests.xctest; sourceTree = BUILT_PRODUCTS_DIR; };
		5F86078923CE3CF100243D09 /* QuizUITests.swift */ = {isa = PBXFileReference; lastKnownFileType = sourcecode.swift; path = QuizUITests.swift; sourceTree = "<group>"; };
		5F86078B23CE3CF100243D09 /* Info.plist */ = {isa = PBXFileReference; lastKnownFileType = text.plist.xml; path = Info.plist; sourceTree = "<group>"; };
		5F86079723CE3D7F00243D09 /* Quiz.swift */ = {isa = PBXFileReference; lastKnownFileType = sourcecode.swift; path = Quiz.swift; sourceTree = "<group>"; };
/* End PBXFileReference section */

/* Begin PBXFrameworksBuildPhase section */
		5F86076123CE3CEF00243D09 /* Frameworks */ = {
			isa = PBXFrameworksBuildPhase;
			buildActionMask = 2147483647;
			files = (
			);
			runOnlyForDeploymentPostprocessing = 0;
		};
		5F86077723CE3CF100243D09 /* Frameworks */ = {
			isa = PBXFrameworksBuildPhase;
			buildActionMask = 2147483647;
			files = (
			);
			runOnlyForDeploymentPostprocessing = 0;
		};
		5F86078223CE3CF100243D09 /* Frameworks */ = {
			isa = PBXFrameworksBuildPhase;
			buildActionMask = 2147483647;
			files = (
			);
			runOnlyForDeploymentPostprocessing = 0;
		};
/* End PBXFrameworksBuildPhase section */

/* Begin PBXGroup section */
		5F86075B23CE3CEF00243D09 = {
			isa = PBXGroup;
			children = (
				5F86076623CE3CEF00243D09 /* Quiz */,
				5F86077D23CE3CF100243D09 /* QuizTests */,
				5F86078823CE3CF100243D09 /* QuizUITests */,
				5F86076523CE3CEF00243D09 /* Products */,
			);
			sourceTree = "<group>";
		};
		5F86076523CE3CEF00243D09 /* Products */ = {
			isa = PBXGroup;
			children = (
				5F86076423CE3CEF00243D09 /* Quiz.app */,
				5F86077A23CE3CF100243D09 /* QuizTests.xctest */,
				5F86078523CE3CF100243D09 /* QuizUITests.xctest */,
			);
			name = Products;
			sourceTree = "<group>";
		};
		5F86076623CE3CEF00243D09 /* Quiz */ = {
			isa = PBXGroup;
			children = (
				5F86076723CE3CEF00243D09 /* AppDelegate.swift */,
				5F86076923CE3CEF00243D09 /* SceneDelegate.swift */,
				5F86076B23CE3CEF00243D09 /* ViewController.swift */,
				5F86076D23CE3CEF00243D09 /* Main.storyboard */,
				5F86077023CE3CF100243D09 /* Assets.xcassets */,
				5F86077223CE3CF100243D09 /* LaunchScreen.storyboard */,
				5F86077523CE3CF100243D09 /* Info.plist */,
				5F86079723CE3D7F00243D09 /* Quiz.swift */,
			);
			path = Quiz;
			sourceTree = "<group>";
		};
		5F86077D23CE3CF100243D09 /* QuizTests */ = {
			isa = PBXGroup;
			children = (
				5F86077E23CE3CF100243D09 /* QuizTests.swift */,
				5F86078023CE3CF100243D09 /* Info.plist */,
			);
			path = QuizTests;
			sourceTree = "<group>";
		};
		5F86078823CE3CF100243D09 /* QuizUITests */ = {
			isa = PBXGroup;
			children = (
				5F86078923CE3CF100243D09 /* QuizUITests.swift */,
				5F86078B23CE3CF100243D09 /* Info.plist */,
			);
			path = QuizUITests;
			sourceTree = "<group>";
		};
/* End PBXGroup section */

/* Begin PBXNativeTarget section */
		5F86076323CE3CEF00243D09 /* Quiz */ = {
			isa = PBXNativeTarget;
			buildConfigurationList = 5F86078E23CE3CF100243D09 /* Build configuration list for PBXNativeTarget "Quiz" */;
			buildPhases = (
				5F86076023CE3CEF00243D09 /* Sources */,
				5F86076123CE3CEF00243D09 /* Frameworks */,
				5F86076223CE3CEF00243D09 /* Resources */,
			);
			buildRules = (
			);
			dependencies = (
			);
			name = Quiz;
			productName = Quiz;
			productReference = 5F86076423CE3CEF00243D09 /* Quiz.app */;
			productType = "com.apple.product-type.application";
		};
		5F86077923CE3CF100243D09 /* QuizTests */ = {
			isa = PBXNativeTarget;
			buildConfigurationList = 5F86079123CE3CF100243D09 /* Build configuration list for PBXNativeTarget "QuizTests" */;
			buildPhases = (
				5F86077623CE3CF100243D09 /* Sources */,
				5F86077723CE3CF100243D09 /* Frameworks */,
				5F86077823CE3CF100243D09 /* Resources */,
			);
			buildRules = (
			);
			dependencies = (
				5F86077C23CE3CF100243D09 /* PBXTargetDependency */,
			);
			name = QuizTests;
			productName = QuizTests;
			productReference = 5F86077A23CE3CF100243D09 /* QuizTests.xctest */;
			productType = "com.apple.product-type.bundle.unit-test";
		};
		5F86078423CE3CF100243D09 /* QuizUITests */ = {
			isa = PBXNativeTarget;
			buildConfigurationList = 5F86079423CE3CF100243D09 /* Build configuration list for PBXNativeTarget "QuizUITests" */;
			buildPhases = (
				5F86078123CE3CF100243D09 /* Sources */,
				5F86078223CE3CF100243D09 /* Frameworks */,
				5F86078323CE3CF100243D09 /* Resources */,
			);
			buildRules = (
			);
			dependencies = (
				5F86078723CE3CF100243D09 /* PBXTargetDependency */,
			);
			name = QuizUITests;
			productName = QuizUITests;
			productReference = 5F86078523CE3CF100243D09 /* QuizUITests.xctest */;
			productType = "com.apple.product-type.bundle.ui-testing";
		};
/* End PBXNativeTarget section */

/* Begin PBXProject section */
		5F86075C23CE3CEF00243D09 /* Project object */ = {
			isa = PBXProject;
			attributes = {
				LastSwiftUpdateCheck = 1130;
				LastUpgradeCheck = 1130;
				ORGANIZATIONNAME = "Test Account";
				TargetAttributes = {
					5F86076323CE3CEF00243D09 = {
						CreatedOnToolsVersion = 11.3;
					};
					5F86077923CE3CF100243D09 = {
						CreatedOnToolsVersion = 11.3;
						TestTargetID = 5F86076323CE3CEF00243D09;
					};
					5F86078423CE3CF100243D09 = {
						CreatedOnToolsVersion = 11.3;
						TestTargetID = 5F86076323CE3CEF00243D09;
					};
				};
			};
			buildConfigurationList = 5F86075F23CE3CEF00243D09 /* Build configuration list for PBXProject "Quiz" */;
			compatibilityVersion = "Xcode 9.3";
			developmentRegion = en;
			hasScannedForEncodings = 0;
			knownRegions = (
				en,
				Base,
			);
			mainGroup = 5F86075B23CE3CEF00243D09;
			productRefGroup = 5F86076523CE3CEF00243D09 /* Products */;
			projectDirPath = "";
			projectRoot = "";
			targets = (
				5F86076323CE3CEF00243D09 /* Quiz */,
				5F86077923CE3CF100243D09 /* QuizTests */,
				5F86078423CE3CF100243D09 /* QuizUITests */,
			);
		};
/* End PBXProject section */

/* Begin PBXResourcesBuildPhase section */
		5F86076223CE3CEF00243D09 /* Resources */ = {
			isa = PBXResourcesBuildPhase;
			buildActionMask = 2147483647;
			files = (
				5F86077423CE3CF100243D09 /* LaunchScreen.storyboard in Resources */,
				5F86077123CE3CF100243D09 /* Assets.xcassets in Resources */,
				5F86076F23CE3CEF00243D09 /* Main.storyboard in Resources */,
			);
			runOnlyForDeploymentPostprocessing = 0;
		};
		5F86077823CE3CF100243D09 /* Resources */ = {
			isa = PBXResourcesBuildPhase;
			buildActionMask = 2147483647;
			files = (
			);
			runOnlyForDeploymentPostprocessing = 0;
		};
		5F86078323CE3CF100243D09 /* Resources */ = {
			isa = PBXResourcesBuildPhase;
			buildActionMask = 2147483647;
			files = (
			);
			runOnlyForDeploymentPostprocessing = 0;
		};
/* End PBXResourcesBuildPhase section */

/* Begin PBXSourcesBuildPhase section */
		5F86076023CE3CEF00243D09 /* Sources */ = {
			isa = PBXSourcesBuildPhase;
			buildActionMask = 2147483647;
			files = (
				5F86076C23CE3CEF00243D09 /* ViewController.swift in Sources */,
				5F86076823CE3CEF00243D09 /* AppDelegate.swift in Sources */,
				5F86079823CE3D7F00243D09 /* Quiz.swift in Sources */,
				5F86076A23CE3CEF00243D09 /* SceneDelegate.swift in Sources */,
			);
			runOnlyForDeploymentPostprocessing = 0;
		};
		5F86077623CE3CF100243D09 /* Sources */ = {
			isa = PBXSourcesBuildPhase;
			buildActionMask = 2147483647;
			files = (
				5F86079923CE3D7F00243D09 /* Quiz.swift in Sources */,
				5F86077F23CE3CF100243D09 /* QuizTests.swift in Sources */,
			);
			runOnlyForDeploymentPostprocessing = 0;
		};
		5F86078123CE3CF100243D09 /* Sources */ = {
			isa = PBXSourcesBuildPhase;
			buildActionMask = 2147483647;
			files = (
				5F86079A23CE3D7F00243D09 /* Quiz.swift in Sources */,
				5F86078A23CE3CF100243D09 /* QuizUITests.swift in Sources */,
			);
			runOnlyForDeploymentPostprocessing = 0;
		};
/* End PBXSourcesBuildPhase section */

/* Begin PBXTargetDependency section */
		5F86077C23CE3CF100243D09 /* PBXTargetDependency */ = {
			isa = PBXTargetDependency;
			target = 5F86076323CE3CEF00243D09 /* Quiz */;
			targetProxy = 5F86077B23CE3CF100243D09 /* PBXContainerItemProxy */;
		};
		5F86078723CE3CF100243D09 /* PBXTargetDependency */ = {
			isa = PBXTargetDependency;
			target = 5F86076323CE3CEF00243D09 /* Quiz */;
			targetProxy = 5F86078623CE3CF100243D09 /* PBXContainerItemProxy */;
		};
/* End PBXTargetDependency section */

/* Begin PBXVariantGroup section */
		5F86076D23CE3CEF00243D09 /* Main.storyboard */ = {
			isa = PBXVariantGroup;
			children = (
				5F86076E23CE3CEF00243D09 /* Base */,
			);
			name = Main.storyboard;
			sourceTree = "<group>";
		};
		5F86077223CE3CF100243D09 /* LaunchScreen.storyboard */ = {
			isa = PBXVariantGroup;
			children = (
				5F86077323CE3CF100243D09 /* Base */,
			);
			name = LaunchScreen.storyboard;
			sourceTree = "<group>";
		};
/* End PBXVariantGroup section */

/* Begin XCBuildConfiguration section */
		5F86078C23CE3CF100243D09 /* Debug */ = {
			isa = XCBuildConfiguration;
			buildSettings = {
				ALWAYS_SEARCH_USER_PATHS = NO;
				CLANG_ANALYZER_NONNULL = YES;
				CLANG_ANALYZER_NUMBER_OBJECT_CONVERSION = YES_AGGRESSIVE;
				CLANG_CXX_LANGUAGE_STANDARD = "gnu++14";
				CLANG_CXX_LIBRARY = "libc++";
				CLANG_ENABLE_MODULES = YES;
				CLANG_ENABLE_OBJC_ARC = YES;
				CLANG_ENABLE_OBJC_WEAK = YES;
				CLANG_WARN_BLOCK_CAPTURE_AUTORELEASING = YES;
				CLANG_WARN_BOOL_CONVERSION = YES;
				CLANG_WARN_COMMA = YES;
				CLANG_WARN_CONSTANT_CONVERSION = YES;
				CLANG_WARN_DEPRECATED_OBJC_IMPLEMENTATIONS = YES;
				CLANG_WARN_DIRECT_OBJC_ISA_USAGE = YES_ERROR;
				CLANG_WARN_DOCUMENTATION_COMMENTS = YES;
				CLANG_WARN_EMPTY_BODY = YES;
				CLANG_WARN_ENUM_CONVERSION = YES;
				CLANG_WARN_INFINITE_RECURSION = YES;
				CLANG_WARN_INT_CONVERSION = YES;
				CLANG_WARN_NON_LITERAL_NULL_CONVERSION = YES;
				CLANG_WARN_OBJC_IMPLICIT_RETAIN_SELF = YES;
				CLANG_WARN_OBJC_LITERAL_CONVERSION = YES;
				CLANG_WARN_OBJC_ROOT_CLASS = YES_ERROR;
				CLANG_WARN_RANGE_LOOP_ANALYSIS = YES;
				CLANG_WARN_STRICT_PROTOTYPES = YES;
				CLANG_WARN_SUSPICIOUS_MOVE = YES;
				CLANG_WARN_UNGUARDED_AVAILABILITY = YES_AGGRESSIVE;
				CLANG_WARN_UNREACHABLE_CODE = YES;
				CLANG_WARN__DUPLICATE_METHOD_MATCH = YES;
				COPY_PHASE_STRIP = NO;
				DEBUG_INFORMATION_FORMAT = dwarf;
				ENABLE_STRICT_OBJC_MSGSEND = YES;
				ENABLE_TESTABILITY = YES;
				GCC_C_LANGUAGE_STANDARD = gnu11;
				GCC_DYNAMIC_NO_PIC = NO;
				GCC_NO_COMMON_BLOCKS = YES;
				GCC_OPTIMIZATION_LEVEL = 0;
				GCC_PREPROCESSOR_DEFINITIONS = (
					"DEBUG=1",
					"$(inherited)",
				);
				GCC_WARN_64_TO_32_BIT_CONVERSION = YES;
				GCC_WARN_ABOUT_RETURN_TYPE = YES_ERROR;
				GCC_WARN_UNDECLARED_SELECTOR = YES;
				GCC_WARN_UNINITIALIZED_AUTOS = YES_AGGRESSIVE;
				GCC_WARN_UNUSED_FUNCTION = YES;
				GCC_WARN_UNUSED_VARIABLE = YES;
				IPHONEOS_DEPLOYMENT_TARGET = 13.2;
				MTL_ENABLE_DEBUG_INFO = INCLUDE_SOURCE;
				MTL_FAST_MATH = YES;
				ONLY_ACTIVE_ARCH = YES;
				SDKROOT = iphoneos;
				SWIFT_ACTIVE_COMPILATION_CONDITIONS = DEBUG;
				SWIFT_OPTIMIZATION_LEVEL = "-Onone";
			};
			name = Debug;
		};
		5F86078D23CE3CF100243D09 /* Release */ = {
			isa = XCBuildConfiguration;
			buildSettings = {
				ALWAYS_SEARCH_USER_PATHS = NO;
				CLANG_ANALYZER_NONNULL = YES;
				CLANG_ANALYZER_NUMBER_OBJECT_CONVERSION = YES_AGGRESSIVE;
				CLANG_CXX_LANGUAGE_STANDARD = "gnu++14";
				CLANG_CXX_LIBRARY = "libc++";
				CLANG_ENABLE_MODULES = YES;
				CLANG_ENABLE_OBJC_ARC = YES;
				CLANG_ENABLE_OBJC_WEAK = YES;
				CLANG_WARN_BLOCK_CAPTURE_AUTORELEASING = YES;
				CLANG_WARN_BOOL_CONVERSION = YES;
				CLANG_WARN_COMMA = YES;
				CLANG_WARN_CONSTANT_CONVERSION = YES;
				CLANG_WARN_DEPRECATED_OBJC_IMPLEMENTATIONS = YES;
				CLANG_WARN_DIRECT_OBJC_ISA_USAGE = YES_ERROR;
				CLANG_WARN_DOCUMENTATION_COMMENTS = YES;
				CLANG_WARN_EMPTY_BODY = YES;
				CLANG_WARN_ENUM_CONVERSION = YES;
				CLANG_WARN_INFINITE_RECURSION = YES;
				CLANG_WARN_INT_CONVERSION = YES;
				CLANG_WARN_NON_LITERAL_NULL_CONVERSION = YES;
				CLANG_WARN_OBJC_IMPLICIT_RETAIN_SELF = YES;
				CLANG_WARN_OBJC_LITERAL_CONVERSION = YES;
				CLANG_WARN_OBJC_ROOT_CLASS = YES_ERROR;
				CLANG_WARN_RANGE_LOOP_ANALYSIS = YES;
				CLANG_WARN_STRICT_PROTOTYPES = YES;
				CLANG_WARN_SUSPICIOUS_MOVE = YES;
				CLANG_WARN_UNGUARDED_AVAILABILITY = YES_AGGRESSIVE;
				CLANG_WARN_UNREACHABLE_CODE = YES;
				CLANG_WARN__DUPLICATE_METHOD_MATCH = YES;
				COPY_PHASE_STRIP = NO;
				DEBUG_INFORMATION_FORMAT = "dwarf-with-dsym";
				ENABLE_NS_ASSERTIONS = NO;
				ENABLE_STRICT_OBJC_MSGSEND = YES;
				GCC_C_LANGUAGE_STANDARD = gnu11;
				GCC_NO_COMMON_BLOCKS = YES;
				GCC_WARN_64_TO_32_BIT_CONVERSION = YES;
				GCC_WARN_ABOUT_RETURN_TYPE = YES_ERROR;
				GCC_WARN_UNDECLARED_SELECTOR = YES;
				GCC_WARN_UNINITIALIZED_AUTOS = YES_AGGRESSIVE;
				GCC_WARN_UNUSED_FUNCTION = YES;
				GCC_WARN_UNUSED_VARIABLE = YES;
				IPHONEOS_DEPLOYMENT_TARGET = 13.2;
				MTL_ENABLE_DEBUG_INFO = NO;
				MTL_FAST_MATH = YES;
				SDKROOT = iphoneos;
				SWIFT_COMPILATION_MODE = wholemodule;
				SWIFT_OPTIMIZATION_LEVEL = "-O";
				VALIDATE_PRODUCT = YES;
			};
			name = Release;
		};
		5F86078F23CE3CF100243D09 /* Debug */ = {
			isa = XCBuildConfiguration;
			buildSettings = {
				ASSETCATALOG_COMPILER_APPICON_NAME = AppIcon;
				CODE_SIGN_STYLE = Automatic;
				INFOPLIST_FILE = Quiz/Info.plist;
				LD_RUNPATH_SEARCH_PATHS = (
					"$(inherited)",
					"@executable_path/Frameworks",
				);
				PRODUCT_BUNDLE_IDENTIFIER = ca.camosun.Quiz;
				PRODUCT_NAME = "$(TARGET_NAME)";
				SWIFT_VERSION = 5.0;
				TARGETED_DEVICE_FAMILY = "1,2";
			};
			name = Debug;
		};
		5F86079023CE3CF100243D09 /* Release */ = {
			isa = XCBuildConfiguration;
			buildSettings = {
				ASSETCATALOG_COMPILER_APPICON_NAME = AppIcon;
				CODE_SIGN_STYLE = Automatic;
				INFOPLIST_FILE = Quiz/Info.plist;
				LD_RUNPATH_SEARCH_PATHS = (
					"$(inherited)",
					"@executable_path/Frameworks",
				);
				PRODUCT_BUNDLE_IDENTIFIER = ca.camosun.Quiz;
				PRODUCT_NAME = "$(TARGET_NAME)";
				SWIFT_VERSION = 5.0;
				TARGETED_DEVICE_FAMILY = "1,2";
			};
			name = Release;
		};
		5F86079223CE3CF100243D09 /* Debug */ = {
			isa = XCBuildConfiguration;
			buildSettings = {
				ALWAYS_EMBED_SWIFT_STANDARD_LIBRARIES = YES;
				BUNDLE_LOADER = "$(TEST_HOST)";
				CODE_SIGN_STYLE = Automatic;
				INFOPLIST_FILE = QuizTests/Info.plist;
				IPHONEOS_DEPLOYMENT_TARGET = 13.2;
				LD_RUNPATH_SEARCH_PATHS = (
					"$(inherited)",
					"@executable_path/Frameworks",
					"@loader_path/Frameworks",
				);
				PRODUCT_BUNDLE_IDENTIFIER = ca.camosun.QuizTests;
				PRODUCT_NAME = "$(TARGET_NAME)";
				SWIFT_VERSION = 5.0;
				TARGETED_DEVICE_FAMILY = "1,2";
				TEST_HOST = "$(BUILT_PRODUCTS_DIR)/Quiz.app/Quiz";
			};
			name = Debug;
		};
		5F86079323CE3CF100243D09 /* Release */ = {
			isa = XCBuildConfiguration;
			buildSettings = {
				ALWAYS_EMBED_SWIFT_STANDARD_LIBRARIES = YES;
				BUNDLE_LOADER = "$(TEST_HOST)";
				CODE_SIGN_STYLE = Automatic;
				INFOPLIST_FILE = QuizTests/Info.plist;
				IPHONEOS_DEPLOYMENT_TARGET = 13.2;
				LD_RUNPATH_SEARCH_PATHS = (
					"$(inherited)",
					"@executable_path/Frameworks",
					"@loader_path/Frameworks",
				);
				PRODUCT_BUNDLE_IDENTIFIER = ca.camosun.QuizTests;
				PRODUCT_NAME = "$(TARGET_NAME)";
				SWIFT_VERSION = 5.0;
				TARGETED_DEVICE_FAMILY = "1,2";
				TEST_HOST = "$(BUILT_PRODUCTS_DIR)/Quiz.app/Quiz";
			};
			name = Release;
		};
		5F86079523CE3CF100243D09 /* Debug */ = {
			isa = XCBuildConfiguration;
			buildSettings = {
				ALWAYS_EMBED_SWIFT_STANDARD_LIBRARIES = YES;
				CODE_SIGN_STYLE = Automatic;
				INFOPLIST_FILE = QuizUITests/Info.plist;
				LD_RUNPATH_SEARCH_PATHS = (
					"$(inherited)",
					"@executable_path/Frameworks",
					"@loader_path/Frameworks",
				);
				PRODUCT_BUNDLE_IDENTIFIER = ca.camosun.QuizUITests;
				PRODUCT_NAME = "$(TARGET_NAME)";
				SWIFT_VERSION = 5.0;
				TARGETED_DEVICE_FAMILY = "1,2";
				TEST_TARGET_NAME = Quiz;
			};
			name = Debug;
		};
		5F86079623CE3CF100243D09 /* Release */ = {
			isa = XCBuildConfiguration;
			buildSettings = {
				ALWAYS_EMBED_SWIFT_STANDARD_LIBRARIES = YES;
				CODE_SIGN_STYLE = Automatic;
				INFOPLIST_FILE = QuizUITests/Info.plist;
				LD_RUNPATH_SEARCH_PATHS = (
					"$(inherited)",
					"@executable_path/Frameworks",
					"@loader_path/Frameworks",
				);
				PRODUCT_BUNDLE_IDENTIFIER = ca.camosun.QuizUITests;
				PRODUCT_NAME = "$(TARGET_NAME)";
				SWIFT_VERSION = 5.0;
				TARGETED_DEVICE_FAMILY = "1,2";
				TEST_TARGET_NAME = Quiz;
			};
			name = Release;
		};
/* End XCBuildConfiguration section */

/* Begin XCConfigurationList section */
		5F86075F23CE3CEF00243D09 /* Build configuration list for PBXProject "Quiz" */ = {
			isa = XCConfigurationList;
			buildConfigurations = (
				5F86078C23CE3CF100243D09 /* Debug */,
				5F86078D23CE3CF100243D09 /* Release */,
			);
			defaultConfigurationIsVisible = 0;
			defaultConfigurationName = Release;
		};
		5F86078E23CE3CF100243D09 /* Build configuration list for PBXNativeTarget "Quiz" */ = {
			isa = XCConfigurationList;
			buildConfigurations = (
				5F86078F23CE3CF100243D09 /* Debug */,
				5F86079023CE3CF100243D09 /* Release */,
			);
			defaultConfigurationIsVisible = 0;
			defaultConfigurationName = Release;
		};
		5F86079123CE3CF100243D09 /* Build configuration list for PBXNativeTarget "QuizTests" */ = {
			isa = XCConfigurationList;
			buildConfigurations = (
				5F86079223CE3CF100243D09 /* Debug */,
				5F86079323CE3CF100243D09 /* Release */,
			);
			defaultConfigurationIsVisible = 0;
			defaultConfigurationName = Release;
		};
		5F86079423CE3CF100243D09 /* Build configuration list for PBXNativeTarget "QuizUITests" */ = {
			isa = XCConfigurationList;
			buildConfigurations = (
				5F86079523CE3CF100243D09 /* Debug */,
				5F86079623CE3CF100243D09 /* Release */,
			);
			defaultConfigurationIsVisible = 0;
			defaultConfigurationName = Release;
		};
/* End XCConfigurationList section */
	};
	rootObject = 5F86075C23CE3CEF00243D09 /* Project object */;
}
