// !$*UTF8*$!
{
	archiveVersion = 1;
	classes = {
	};
	objectVersion = 50;
	objects = {

/* Begin PBXBuildFile section */
		8431179A23E4999F00A609F1 /* PhotoEntryTableViewCell.swift in Sources */ = {isa = PBXBuildFile; fileRef = 8431179923E4999F00A609F1 /* PhotoEntryTableViewCell.swift */; };
		84F2689623DB6D1200109A38 /* AppDelegate.swift in Sources */ = {isa = PBXBuildFile; fileRef = 84F2689523DB6D1200109A38 /* AppDelegate.swift */; };
		84F2689823DB6D1200109A38 /* SceneDelegate.swift in Sources */ = {isa = PBXBuildFile; fileRef = 84F2689723DB6D1200109A38 /* SceneDelegate.swift */; };
		84F2689A23DB6D1200109A38 /* MasterViewController.swift in Sources */ = {isa = PBXBuildFile; fileRef = 84F2689923DB6D1200109A38 /* MasterViewController.swift */; };
		84F2689C23DB6D1200109A38 /* DetailViewController.swift in Sources */ = {isa = PBXBuildFile; fileRef = 84F2689B23DB6D1200109A38 /* DetailViewController.swift */; };
		84F2689F23DB6D1200109A38 /* Main.storyboard in Resources */ = {isa = PBXBuildFile; fileRef = 84F2689D23DB6D1200109A38 /* Main.storyboard */; };
		84F268A123DB6D1400109A38 /* Assets.xcassets in Resources */ = {isa = PBXBuildFile; fileRef = 84F268A023DB6D1400109A38 /* Assets.xcassets */; };
		84F268A423DB6D1400109A38 /* LaunchScreen.storyboard in Resources */ = {isa = PBXBuildFile; fileRef = 84F268A223DB6D1400109A38 /* LaunchScreen.storyboard */; };
		84F268AF23DB6D1400109A38 /* Lab4Tests.swift in Sources */ = {isa = PBXBuildFile; fileRef = 84F268AE23DB6D1400109A38 /* Lab4Tests.swift */; };
		84F268BA23DB6D1400109A38 /* Lab4UITests.swift in Sources */ = {isa = PBXBuildFile; fileRef = 84F268B923DB6D1400109A38 /* Lab4UITests.swift */; };
		84F268C823DB755700109A38 /* PhotoEntry.swift in Sources */ = {isa = PBXBuildFile; fileRef = 84F268C723DB755700109A38 /* PhotoEntry.swift */; };
/* End PBXBuildFile section */

/* Begin PBXContainerItemProxy section */
		84F268AB23DB6D1400109A38 /* PBXContainerItemProxy */ = {
			isa = PBXContainerItemProxy;
			containerPortal = 84F2688A23DB6D1200109A38 /* Project object */;
			proxyType = 1;
			remoteGlobalIDString = 84F2689123DB6D1200109A38;
			remoteInfo = Lab4;
		};
		84F268B623DB6D1400109A38 /* PBXContainerItemProxy */ = {
			isa = PBXContainerItemProxy;
			containerPortal = 84F2688A23DB6D1200109A38 /* Project object */;
			proxyType = 1;
			remoteGlobalIDString = 84F2689123DB6D1200109A38;
			remoteInfo = Lab4;
		};
/* End PBXContainerItemProxy section */

/* Begin PBXFileReference section */
		8431179923E4999F00A609F1 /* PhotoEntryTableViewCell.swift */ = {isa = PBXFileReference; lastKnownFileType = sourcecode.swift; path = PhotoEntryTableViewCell.swift; sourceTree = "<group>"; };
		84F2689223DB6D1200109A38 /* Lab4.app */ = {isa = PBXFileReference; explicitFileType = wrapper.application; includeInIndex = 0; path = Lab4.app; sourceTree = BUILT_PRODUCTS_DIR; };
		84F2689523DB6D1200109A38 /* AppDelegate.swift */ = {isa = PBXFileReference; lastKnownFileType = sourcecode.swift; path = AppDelegate.swift; sourceTree = "<group>"; };
		84F2689723DB6D1200109A38 /* SceneDelegate.swift */ = {isa = PBXFileReference; lastKnownFileType = sourcecode.swift; path = SceneDelegate.swift; sourceTree = "<group>"; };
		84F2689923DB6D1200109A38 /* MasterViewController.swift */ = {isa = PBXFileReference; lastKnownFileType = sourcecode.swift; path = MasterViewController.swift; sourceTree = "<group>"; };
		84F2689B23DB6D1200109A38 /* DetailViewController.swift */ = {isa = PBXFileReference; lastKnownFileType = sourcecode.swift; path = DetailViewController.swift; sourceTree = "<group>"; };
		84F2689E23DB6D1200109A38 /* Base */ = {isa = PBXFileReference; lastKnownFileType = file.storyboard; name = Base; path = Base.lproj/Main.storyboard; sourceTree = "<group>"; };
		84F268A023DB6D1400109A38 /* Assets.xcassets */ = {isa = PBXFileReference; lastKnownFileType = folder.assetcatalog; path = Assets.xcassets; sourceTree = "<group>"; };
		84F268A323DB6D1400109A38 /* Base */ = {isa = PBXFileReference; lastKnownFileType = file.storyboard; name = Base; path = Base.lproj/LaunchScreen.storyboard; sourceTree = "<group>"; };
		84F268A523DB6D1400109A38 /* Info.plist */ = {isa = PBXFileReference; lastKnownFileType = text.plist.xml; path = Info.plist; sourceTree = "<group>"; };
		84F268AA23DB6D1400109A38 /* Lab4Tests.xctest */ = {isa = PBXFileReference; explicitFileType = wrapper.cfbundle; includeInIndex = 0; path = Lab4Tests.xctest; sourceTree = BUILT_PRODUCTS_DIR; };
		84F268AE23DB6D1400109A38 /* Lab4Tests.swift */ = {isa = PBXFileReference; lastKnownFileType = sourcecode.swift; path = Lab4Tests.swift; sourceTree = "<group>"; };
		84F268B023DB6D1400109A38 /* Info.plist */ = {isa = PBXFileReference; lastKnownFileType = text.plist.xml; path = Info.plist; sourceTree = "<group>"; };
		84F268B523DB6D1400109A38 /* Lab4UITests.xctest */ = {isa = PBXFileReference; explicitFileType = wrapper.cfbundle; includeInIndex = 0; path = Lab4UITests.xctest; sourceTree = BUILT_PRODUCTS_DIR; };
		84F268B923DB6D1400109A38 /* Lab4UITests.swift */ = {isa = PBXFileReference; lastKnownFileType = sourcecode.swift; path = Lab4UITests.swift; sourceTree = "<group>"; };
		84F268BB23DB6D1400109A38 /* Info.plist */ = {isa = PBXFileReference; lastKnownFileType = text.plist.xml; path = Info.plist; sourceTree = "<group>"; };
		84F268C723DB755700109A38 /* PhotoEntry.swift */ = {isa = PBXFileReference; lastKnownFileType = sourcecode.swift; path = PhotoEntry.swift; sourceTree = "<group>"; };
/* End PBXFileReference section */

/* Begin PBXFrameworksBuildPhase section */
		84F2688F23DB6D1200109A38 /* Frameworks */ = {
			isa = PBXFrameworksBuildPhase;
			buildActionMask = 2147483647;
			files = (
			);
			runOnlyForDeploymentPostprocessing = 0;
		};
		84F268A723DB6D1400109A38 /* Frameworks */ = {
			isa = PBXFrameworksBuildPhase;
			buildActionMask = 2147483647;
			files = (
			);
			runOnlyForDeploymentPostprocessing = 0;
		};
		84F268B223DB6D1400109A38 /* Frameworks */ = {
			isa = PBXFrameworksBuildPhase;
			buildActionMask = 2147483647;
			files = (
			);
			runOnlyForDeploymentPostprocessing = 0;
		};
/* End PBXFrameworksBuildPhase section */

/* Begin PBXGroup section */
		84F2688923DB6D1200109A38 = {
			isa = PBXGroup;
			children = (
				84F2689423DB6D1200109A38 /* Lab4 */,
				84F268AD23DB6D1400109A38 /* Lab4Tests */,
				84F268B823DB6D1400109A38 /* Lab4UITests */,
				84F2689323DB6D1200109A38 /* Products */,
			);
			sourceTree = "<group>";
		};
		84F2689323DB6D1200109A38 /* Products */ = {
			isa = PBXGroup;
			children = (
				84F2689223DB6D1200109A38 /* Lab4.app */,
				84F268AA23DB6D1400109A38 /* Lab4Tests.xctest */,
				84F268B523DB6D1400109A38 /* Lab4UITests.xctest */,
			);
			name = Products;
			sourceTree = "<group>";
		};
		84F2689423DB6D1200109A38 /* Lab4 */ = {
			isa = PBXGroup;
			children = (
				84F2689523DB6D1200109A38 /* AppDelegate.swift */,
				84F2689723DB6D1200109A38 /* SceneDelegate.swift */,
				84F2689923DB6D1200109A38 /* MasterViewController.swift */,
				84F2689B23DB6D1200109A38 /* DetailViewController.swift */,
				84F2689D23DB6D1200109A38 /* Main.storyboard */,
				84F268C723DB755700109A38 /* PhotoEntry.swift */,
				84F268A023DB6D1400109A38 /* Assets.xcassets */,
				84F268A223DB6D1400109A38 /* LaunchScreen.storyboard */,
				84F268A523DB6D1400109A38 /* Info.plist */,
				8431179923E4999F00A609F1 /* PhotoEntryTableViewCell.swift */,
			);
			path = Lab4;
			sourceTree = "<group>";
		};
		84F268AD23DB6D1400109A38 /* Lab4Tests */ = {
			isa = PBXGroup;
			children = (
				84F268AE23DB6D1400109A38 /* Lab4Tests.swift */,
				84F268B023DB6D1400109A38 /* Info.plist */,
			);
			path = Lab4Tests;
			sourceTree = "<group>";
		};
		84F268B823DB6D1400109A38 /* Lab4UITests */ = {
			isa = PBXGroup;
			children = (
				84F268B923DB6D1400109A38 /* Lab4UITests.swift */,
				84F268BB23DB6D1400109A38 /* Info.plist */,
			);
			path = Lab4UITests;
			sourceTree = "<group>";
		};
/* End PBXGroup section */

/* Begin PBXNativeTarget section */
		84F2689123DB6D1200109A38 /* Lab4 */ = {
			isa = PBXNativeTarget;
			buildConfigurationList = 84F268BE23DB6D1400109A38 /* Build configuration list for PBXNativeTarget "Lab4" */;
			buildPhases = (
				84F2688E23DB6D1200109A38 /* Sources */,
				84F2688F23DB6D1200109A38 /* Frameworks */,
				84F2689023DB6D1200109A38 /* Resources */,
			);
			buildRules = (
			);
			dependencies = (
			);
			name = Lab4;
			productName = Lab4;
			productReference = 84F2689223DB6D1200109A38 /* Lab4.app */;
			productType = "com.apple.product-type.application";
		};
		84F268A923DB6D1400109A38 /* Lab4Tests */ = {
			isa = PBXNativeTarget;
			buildConfigurationList = 84F268C123DB6D1400109A38 /* Build configuration list for PBXNativeTarget "Lab4Tests" */;
			buildPhases = (
				84F268A623DB6D1400109A38 /* Sources */,
				84F268A723DB6D1400109A38 /* Frameworks */,
				84F268A823DB6D1400109A38 /* Resources */,
			);
			buildRules = (
			);
			dependencies = (
				84F268AC23DB6D1400109A38 /* PBXTargetDependency */,
			);
			name = Lab4Tests;
			productName = Lab4Tests;
			productReference = 84F268AA23DB6D1400109A38 /* Lab4Tests.xctest */;
			productType = "com.apple.product-type.bundle.unit-test";
		};
		84F268B423DB6D1400109A38 /* Lab4UITests */ = {
			isa = PBXNativeTarget;
			buildConfigurationList = 84F268C423DB6D1400109A38 /* Build configuration list for PBXNativeTarget "Lab4UITests" */;
			buildPhases = (
				84F268B123DB6D1400109A38 /* Sources */,
				84F268B223DB6D1400109A38 /* Frameworks */,
				84F268B323DB6D1400109A38 /* Resources */,
			);
			buildRules = (
			);
			dependencies = (
				84F268B723DB6D1400109A38 /* PBXTargetDependency */,
			);
			name = Lab4UITests;
			productName = Lab4UITests;
			productReference = 84F268B523DB6D1400109A38 /* Lab4UITests.xctest */;
			productType = "com.apple.product-type.bundle.ui-testing";
		};
/* End PBXNativeTarget section */

/* Begin PBXProject section */
		84F2688A23DB6D1200109A38 /* Project object */ = {
			isa = PBXProject;
			attributes = {
				LastSwiftUpdateCheck = 1130;
				LastUpgradeCheck = 1130;
				ORGANIZATIONNAME = ics057;
				TargetAttributes = {
					84F2689123DB6D1200109A38 = {
						CreatedOnToolsVersion = 11.3.1;
					};
					84F268A923DB6D1400109A38 = {
						CreatedOnToolsVersion = 11.3.1;
						TestTargetID = 84F2689123DB6D1200109A38;
					};
					84F268B423DB6D1400109A38 = {
						CreatedOnToolsVersion = 11.3.1;
						TestTargetID = 84F2689123DB6D1200109A38;
					};
				};
			};
			buildConfigurationList = 84F2688D23DB6D1200109A38 /* Build configuration list for PBXProject "Lab4" */;
			compatibilityVersion = "Xcode 9.3";
			developmentRegion = en;
			hasScannedForEncodings = 0;
			knownRegions = (
				en,
				Base,
			);
			mainGroup = 84F2688923DB6D1200109A38;
			productRefGroup = 84F2689323DB6D1200109A38 /* Products */;
			projectDirPath = "";
			projectRoot = "";
			targets = (
				84F2689123DB6D1200109A38 /* Lab4 */,
				84F268A923DB6D1400109A38 /* Lab4Tests */,
				84F268B423DB6D1400109A38 /* Lab4UITests */,
			);
		};
/* End PBXProject section */

/* Begin PBXResourcesBuildPhase section */
		84F2689023DB6D1200109A38 /* Resources */ = {
			isa = PBXResourcesBuildPhase;
			buildActionMask = 2147483647;
			files = (
				84F268A423DB6D1400109A38 /* LaunchScreen.storyboard in Resources */,
				84F268A123DB6D1400109A38 /* Assets.xcassets in Resources */,
				84F2689F23DB6D1200109A38 /* Main.storyboard in Resources */,
			);
			runOnlyForDeploymentPostprocessing = 0;
		};
		84F268A823DB6D1400109A38 /* Resources */ = {
			isa = PBXResourcesBuildPhase;
			buildActionMask = 2147483647;
			files = (
			);
			runOnlyForDeploymentPostprocessing = 0;
		};
		84F268B323DB6D1400109A38 /* Resources */ = {
			isa = PBXResourcesBuildPhase;
			buildActionMask = 2147483647;
			files = (
			);
			runOnlyForDeploymentPostprocessing = 0;
		};
/* End PBXResourcesBuildPhase section */

/* Begin PBXSourcesBuildPhase section */
		84F2688E23DB6D1200109A38 /* Sources */ = {
			isa = PBXSourcesBuildPhase;
			buildActionMask = 2147483647;
			files = (
				84F2689623DB6D1200109A38 /* AppDelegate.swift in Sources */,
				84F2689823DB6D1200109A38 /* SceneDelegate.swift in Sources */,
				84F2689A23DB6D1200109A38 /* MasterViewController.swift in Sources */,
				84F268C823DB755700109A38 /* PhotoEntry.swift in Sources */,
				84F2689C23DB6D1200109A38 /* DetailViewController.swift in Sources */,
				8431179A23E4999F00A609F1 /* PhotoEntryTableViewCell.swift in Sources */,
			);
			runOnlyForDeploymentPostprocessing = 0;
		};
		84F268A623DB6D1400109A38 /* Sources */ = {
			isa = PBXSourcesBuildPhase;
			buildActionMask = 2147483647;
			files = (
				84F268AF23DB6D1400109A38 /* Lab4Tests.swift in Sources */,
			);
			runOnlyForDeploymentPostprocessing = 0;
		};
		84F268B123DB6D1400109A38 /* Sources */ = {
			isa = PBXSourcesBuildPhase;
			buildActionMask = 2147483647;
			files = (
				84F268BA23DB6D1400109A38 /* Lab4UITests.swift in Sources */,
			);
			runOnlyForDeploymentPostprocessing = 0;
		};
/* End PBXSourcesBuildPhase section */

/* Begin PBXTargetDependency section */
		84F268AC23DB6D1400109A38 /* PBXTargetDependency */ = {
			isa = PBXTargetDependency;
			target = 84F2689123DB6D1200109A38 /* Lab4 */;
			targetProxy = 84F268AB23DB6D1400109A38 /* PBXContainerItemProxy */;
		};
		84F268B723DB6D1400109A38 /* PBXTargetDependency */ = {
			isa = PBXTargetDependency;
			target = 84F2689123DB6D1200109A38 /* Lab4 */;
			targetProxy = 84F268B623DB6D1400109A38 /* PBXContainerItemProxy */;
		};
/* End PBXTargetDependency section */

/* Begin PBXVariantGroup section */
		84F2689D23DB6D1200109A38 /* Main.storyboard */ = {
			isa = PBXVariantGroup;
			children = (
				84F2689E23DB6D1200109A38 /* Base */,
			);
			name = Main.storyboard;
			sourceTree = "<group>";
		};
		84F268A223DB6D1400109A38 /* LaunchScreen.storyboard */ = {
			isa = PBXVariantGroup;
			children = (
				84F268A323DB6D1400109A38 /* Base */,
			);
			name = LaunchScreen.storyboard;
			sourceTree = "<group>";
		};
/* End PBXVariantGroup section */

/* Begin XCBuildConfiguration section */
		84F268BC23DB6D1400109A38 /* Debug */ = {
			isa = XCBuildConfiguration;
			buildSettings = {
				ALWAYS_SEARCH_USER_PATHS = NO;
				CLANG_ANALYZER_NONNULL = YES;
				CLANG_ANALYZER_NUMBER_OBJECT_CONVERSION = YES_AGGRESSIVE;
				CLANG_CXX_LANGUAGE_STANDARD = "gnu++14";
				CLANG_CXX_LIBRARY = "libc++";
				CLANG_ENABLE_MODULES = YES;
				CLANG_ENABLE_OBJC_ARC = YES;
				CLANG_ENABLE_OBJC_WEAK = YES;
				CLANG_WARN_BLOCK_CAPTURE_AUTORELEASING = YES;
				CLANG_WARN_BOOL_CONVERSION = YES;
				CLANG_WARN_COMMA = YES;
				CLANG_WARN_CONSTANT_CONVERSION = YES;
				CLANG_WARN_DEPRECATED_OBJC_IMPLEMENTATIONS = YES;
				CLANG_WARN_DIRECT_OBJC_ISA_USAGE = YES_ERROR;
				CLANG_WARN_DOCUMENTATION_COMMENTS = YES;
				CLANG_WARN_EMPTY_BODY = YES;
				CLANG_WARN_ENUM_CONVERSION = YES;
				CLANG_WARN_INFINITE_RECURSION = YES;
				CLANG_WARN_INT_CONVERSION = YES;
				CLANG_WARN_NON_LITERAL_NULL_CONVERSION = YES;
				CLANG_WARN_OBJC_IMPLICIT_RETAIN_SELF = YES;
				CLANG_WARN_OBJC_LITERAL_CONVERSION = YES;
				CLANG_WARN_OBJC_ROOT_CLASS = YES_ERROR;
				CLANG_WARN_RANGE_LOOP_ANALYSIS = YES;
				CLANG_WARN_STRICT_PROTOTYPES = YES;
				CLANG_WARN_SUSPICIOUS_MOVE = YES;
				CLANG_WARN_UNGUARDED_AVAILABILITY = YES_AGGRESSIVE;
				CLANG_WARN_UNREACHABLE_CODE = YES;
				CLANG_WARN__DUPLICATE_METHOD_MATCH = YES;
				COPY_PHASE_STRIP = NO;
				DEBUG_INFORMATION_FORMAT = dwarf;
				ENABLE_STRICT_OBJC_MSGSEND = YES;
				ENABLE_TESTABILITY = YES;
				GCC_C_LANGUAGE_STANDARD = gnu11;
				GCC_DYNAMIC_NO_PIC = NO;
				GCC_NO_COMMON_BLOCKS = YES;
				GCC_OPTIMIZATION_LEVEL = 0;
				GCC_PREPROCESSOR_DEFINITIONS = (
					"DEBUG=1",
					"$(inherited)",
				);
				GCC_WARN_64_TO_32_BIT_CONVERSION = YES;
				GCC_WARN_ABOUT_RETURN_TYPE = YES_ERROR;
				GCC_WARN_UNDECLARED_SELECTOR = YES;
				GCC_WARN_UNINITIALIZED_AUTOS = YES_AGGRESSIVE;
				GCC_WARN_UNUSED_FUNCTION = YES;
				GCC_WARN_UNUSED_VARIABLE = YES;
				IPHONEOS_DEPLOYMENT_TARGET = 13.2;
				MTL_ENABLE_DEBUG_INFO = INCLUDE_SOURCE;
				MTL_FAST_MATH = YES;
				ONLY_ACTIVE_ARCH = YES;
				SDKROOT = iphoneos;
				SWIFT_ACTIVE_COMPILATION_CONDITIONS = DEBUG;
				SWIFT_OPTIMIZATION_LEVEL = "-Onone";
			};
			name = Debug;
		};
		84F268BD23DB6D1400109A38 /* Release */ = {
			isa = XCBuildConfiguration;
			buildSettings = {
				ALWAYS_SEARCH_USER_PATHS = NO;
				CLANG_ANALYZER_NONNULL = YES;
				CLANG_ANALYZER_NUMBER_OBJECT_CONVERSION = YES_AGGRESSIVE;
				CLANG_CXX_LANGUAGE_STANDARD = "gnu++14";
				CLANG_CXX_LIBRARY = "libc++";
				CLANG_ENABLE_MODULES = YES;
				CLANG_ENABLE_OBJC_ARC = YES;
				CLANG_ENABLE_OBJC_WEAK = YES;
				CLANG_WARN_BLOCK_CAPTURE_AUTORELEASING = YES;
				CLANG_WARN_BOOL_CONVERSION = YES;
				CLANG_WARN_COMMA = YES;
				CLANG_WARN_CONSTANT_CONVERSION = YES;
				CLANG_WARN_DEPRECATED_OBJC_IMPLEMENTATIONS = YES;
				CLANG_WARN_DIRECT_OBJC_ISA_USAGE = YES_ERROR;
				CLANG_WARN_DOCUMENTATION_COMMENTS = YES;
				CLANG_WARN_EMPTY_BODY = YES;
				CLANG_WARN_ENUM_CONVERSION = YES;
				CLANG_WARN_INFINITE_RECURSION = YES;
				CLANG_WARN_INT_CONVERSION = YES;
				CLANG_WARN_NON_LITERAL_NULL_CONVERSION = YES;
				CLANG_WARN_OBJC_IMPLICIT_RETAIN_SELF = YES;
				CLANG_WARN_OBJC_LITERAL_CONVERSION = YES;
				CLANG_WARN_OBJC_ROOT_CLASS = YES_ERROR;
				CLANG_WARN_RANGE_LOOP_ANALYSIS = YES;
				CLANG_WARN_STRICT_PROTOTYPES = YES;
				CLANG_WARN_SUSPICIOUS_MOVE = YES;
				CLANG_WARN_UNGUARDED_AVAILABILITY = YES_AGGRESSIVE;
				CLANG_WARN_UNREACHABLE_CODE = YES;
				CLANG_WARN__DUPLICATE_METHOD_MATCH = YES;
				COPY_PHASE_STRIP = NO;
				DEBUG_INFORMATION_FORMAT = "dwarf-with-dsym";
				ENABLE_NS_ASSERTIONS = NO;
				ENABLE_STRICT_OBJC_MSGSEND = YES;
				GCC_C_LANGUAGE_STANDARD = gnu11;
				GCC_NO_COMMON_BLOCKS = YES;
				GCC_WARN_64_TO_32_BIT_CONVERSION = YES;
				GCC_WARN_ABOUT_RETURN_TYPE = YES_ERROR;
				GCC_WARN_UNDECLARED_SELECTOR = YES;
				GCC_WARN_UNINITIALIZED_AUTOS = YES_AGGRESSIVE;
				GCC_WARN_UNUSED_FUNCTION = YES;
				GCC_WARN_UNUSED_VARIABLE = YES;
				IPHONEOS_DEPLOYMENT_TARGET = 13.2;
				MTL_ENABLE_DEBUG_INFO = NO;
				MTL_FAST_MATH = YES;
				SDKROOT = iphoneos;
				SWIFT_COMPILATION_MODE = wholemodule;
				SWIFT_OPTIMIZATION_LEVEL = "-O";
				VALIDATE_PRODUCT = YES;
			};
			name = Release;
		};
		84F268BF23DB6D1400109A38 /* Debug */ = {
			isa = XCBuildConfiguration;
			buildSettings = {
				ASSETCATALOG_COMPILER_APPICON_NAME = AppIcon;
				CODE_SIGN_STYLE = Automatic;
				DEVELOPMENT_TEAM = G7AT5J52SA;
				INFOPLIST_FILE = Lab4/Info.plist;
				LD_RUNPATH_SEARCH_PATHS = (
					"$(inherited)",
					"@executable_path/Frameworks",
				);
				PRODUCT_BUNDLE_IDENTIFIER = ca.camosun.ics057.Lab4;
				PRODUCT_NAME = "$(TARGET_NAME)";
				SWIFT_VERSION = 5.0;
				TARGETED_DEVICE_FAMILY = "1,2";
			};
			name = Debug;
		};
		84F268C023DB6D1400109A38 /* Release */ = {
			isa = XCBuildConfiguration;
			buildSettings = {
				ASSETCATALOG_COMPILER_APPICON_NAME = AppIcon;
				CODE_SIGN_STYLE = Automatic;
				DEVELOPMENT_TEAM = G7AT5J52SA;
				INFOPLIST_FILE = Lab4/Info.plist;
				LD_RUNPATH_SEARCH_PATHS = (
					"$(inherited)",
					"@executable_path/Frameworks",
				);
				PRODUCT_BUNDLE_IDENTIFIER = ca.camosun.ics057.Lab4;
				PRODUCT_NAME = "$(TARGET_NAME)";
				SWIFT_VERSION = 5.0;
				TARGETED_DEVICE_FAMILY = "1,2";
			};
			name = Release;
		};
		84F268C223DB6D1400109A38 /* Debug */ = {
			isa = XCBuildConfiguration;
			buildSettings = {
				ALWAYS_EMBED_SWIFT_STANDARD_LIBRARIES = YES;
				BUNDLE_LOADER = "$(TEST_HOST)";
				CODE_SIGN_STYLE = Automatic;
				DEVELOPMENT_TEAM = G7AT5J52SA;
				INFOPLIST_FILE = Lab4Tests/Info.plist;
				IPHONEOS_DEPLOYMENT_TARGET = 13.2;
				LD_RUNPATH_SEARCH_PATHS = (
					"$(inherited)",
					"@executable_path/Frameworks",
					"@loader_path/Frameworks",
				);
				PRODUCT_BUNDLE_IDENTIFIER = ca.camosun.ics057.Lab4Tests;
				PRODUCT_NAME = "$(TARGET_NAME)";
				SWIFT_VERSION = 5.0;
				TARGETED_DEVICE_FAMILY = "1,2";
				TEST_HOST = "$(BUILT_PRODUCTS_DIR)/Lab4.app/Lab4";
			};
			name = Debug;
		};
		84F268C323DB6D1400109A38 /* Release */ = {
			isa = XCBuildConfiguration;
			buildSettings = {
				ALWAYS_EMBED_SWIFT_STANDARD_LIBRARIES = YES;
				BUNDLE_LOADER = "$(TEST_HOST)";
				CODE_SIGN_STYLE = Automatic;
				DEVELOPMENT_TEAM = G7AT5J52SA;
				INFOPLIST_FILE = Lab4Tests/Info.plist;
				IPHONEOS_DEPLOYMENT_TARGET = 13.2;
				LD_RUNPATH_SEARCH_PATHS = (
					"$(inherited)",
					"@executable_path/Frameworks",
					"@loader_path/Frameworks",
				);
				PRODUCT_BUNDLE_IDENTIFIER = ca.camosun.ics057.Lab4Tests;
				PRODUCT_NAME = "$(TARGET_NAME)";
				SWIFT_VERSION = 5.0;
				TARGETED_DEVICE_FAMILY = "1,2";
				TEST_HOST = "$(BUILT_PRODUCTS_DIR)/Lab4.app/Lab4";
			};
			name = Release;
		};
		84F268C523DB6D1400109A38 /* Debug */ = {
			isa = XCBuildConfiguration;
			buildSettings = {
				ALWAYS_EMBED_SWIFT_STANDARD_LIBRARIES = YES;
				CODE_SIGN_STYLE = Automatic;
				DEVELOPMENT_TEAM = G7AT5J52SA;
				INFOPLIST_FILE = Lab4UITests/Info.plist;
				LD_RUNPATH_SEARCH_PATHS = (
					"$(inherited)",
					"@executable_path/Frameworks",
					"@loader_path/Frameworks",
				);
				PRODUCT_BUNDLE_IDENTIFIER = ca.camosun.ics057.Lab4UITests;
				PRODUCT_NAME = "$(TARGET_NAME)";
				SWIFT_VERSION = 5.0;
				TARGETED_DEVICE_FAMILY = "1,2";
				TEST_TARGET_NAME = Lab4;
			};
			name = Debug;
		};
		84F268C623DB6D1400109A38 /* Release */ = {
			isa = XCBuildConfiguration;
			buildSettings = {
				ALWAYS_EMBED_SWIFT_STANDARD_LIBRARIES = YES;
				CODE_SIGN_STYLE = Automatic;
				DEVELOPMENT_TEAM = G7AT5J52SA;
				INFOPLIST_FILE = Lab4UITests/Info.plist;
				LD_RUNPATH_SEARCH_PATHS = (
					"$(inherited)",
					"@executable_path/Frameworks",
					"@loader_path/Frameworks",
				);
				PRODUCT_BUNDLE_IDENTIFIER = ca.camosun.ics057.Lab4UITests;
				PRODUCT_NAME = "$(TARGET_NAME)";
				SWIFT_VERSION = 5.0;
				TARGETED_DEVICE_FAMILY = "1,2";
				TEST_TARGET_NAME = Lab4;
			};
			name = Release;
		};
/* End XCBuildConfiguration section */

/* Begin XCConfigurationList section */
		84F2688D23DB6D1200109A38 /* Build configuration list for PBXProject "Lab4" */ = {
			isa = XCConfigurationList;
			buildConfigurations = (
				84F268BC23DB6D1400109A38 /* Debug */,
				84F268BD23DB6D1400109A38 /* Release */,
			);
			defaultConfigurationIsVisible = 0;
			defaultConfigurationName = Release;
		};
		84F268BE23DB6D1400109A38 /* Build configuration list for PBXNativeTarget "Lab4" */ = {
			isa = XCConfigurationList;
			buildConfigurations = (
				84F268BF23DB6D1400109A38 /* Debug */,
				84F268C023DB6D1400109A38 /* Release */,
			);
			defaultConfigurationIsVisible = 0;
			defaultConfigurationName = Release;
		};
		84F268C123DB6D1400109A38 /* Build configuration list for PBXNativeTarget "Lab4Tests" */ = {
			isa = XCConfigurationList;
			buildConfigurations = (
				84F268C223DB6D1400109A38 /* Debug */,
				84F268C323DB6D1400109A38 /* Release */,
			);
			defaultConfigurationIsVisible = 0;
			defaultConfigurationName = Release;
		};
		84F268C423DB6D1400109A38 /* Build configuration list for PBXNativeTarget "Lab4UITests" */ = {
			isa = XCConfigurationList;
			buildConfigurations = (
				84F268C523DB6D1400109A38 /* Debug */,
				84F268C623DB6D1400109A38 /* Release */,
			);
			defaultConfigurationIsVisible = 0;
			defaultConfigurationName = Release;
		};
/* End XCConfigurationList section */
	};
	rootObject = 84F2688A23DB6D1200109A38 /* Project object */;
}
